{
  "name": "openshift-patternfly-demos",
  "version": "1.0.0",
  "lockfileVersion": 1,
  "requires": true,
  "dependencies": {
    "@patternfly/patternfly": {
      "version": "2.33.5",
      "resolved": "https://registry.npmjs.org/@patternfly/patternfly/-/patternfly-2.33.5.tgz",
      "integrity": "sha512-/4S19Ln2BY62nUP/Ow+j4gzCKm4e3HYehW92R+iaREaBgatfq55G50QdPsXDvTvLeTp9lS6YfXJlLz7OTIHnhw=="
    }
  }
}
